
Microsoft Visual Studio Solution File, Format Version 12.00
# Visual Studio Version 17
VisualStudioVersion = 17.11.35327.3
MinimumVisualStudioVersion = 10.0.40219.1
Project("{FAE04EC0-301F-11D3-BF4B-00C04F79EFBC}") = "dataGridView_App", "dataGridView_App.csproj", "{C38595B7-8903-4BB1-A3B7-AB476868FF0A}"
EndProject
Project("{54435603-DBB4-11D2-8724-00A0C9A8B90C}") = "GeDens-Table Grid", "..\GeDens-Table Grid\GeDens-Table Grid.vdproj", "{F9FF3AFF-767C-4A09-AA9E-007F87B1F15C}"
EndProject
Global
	GlobalSection(SolutionConfigurationPlatforms) = preSolution
		Debug|Any CPU = Debug|Any CPU
		Release|Any CPU = Release|Any CPU
	EndGlobalSection
	GlobalSection(ProjectConfigurationPlatforms) = postSolution
		{C38595B7-8903-4BB1-A3B7-AB476868FF0A}.Debug|Any CPU.ActiveCfg = Release|Any CPU
		{C38595B7-8903-4BB1-A3B7-AB476868FF0A}.Debug|Any CPU.Build.0 = Release|Any CPU
		{C38595B7-8903-4BB1-A3B7-AB476868FF0A}.Release|Any CPU.ActiveCfg = Release|Any CPU
		{C38595B7-8903-4BB1-A3B7-AB476868FF0A}.Release|Any CPU.Build.0 = Release|Any CPU
		{F9FF3AFF-767C-4A09-AA9E-007F87B1F15C}.Debug|Any CPU.ActiveCfg = Debug
		{F9FF3AFF-767C-4A09-AA9E-007F87B1F15C}.Release|Any CPU.ActiveCfg = Release
	EndGlobalSection
	GlobalSection(SolutionProperties) = preSolution
		HideSolutionNode = FALSE
	EndGlobalSection
	GlobalSection(ExtensibilityGlobals) = postSolution
		SolutionGuid = {EDF3C075-24B4-4D48-A4B3-2D3389EE9E83}
	EndGlobalSection
EndGlobal
